// !$*UTF8*$!
{
	archiveVersion = 1;
	classes = {
	};
	objectVersion = 46;
	objects = {

/* Begin PBXBuildFile section */
		024B93851AF441E300935108 /* fireworks.sks in Resources */ = {isa = PBXBuildFile; fileRef = 024B93831AF441E300935108 /* fireworks.sks */; };
		024B93861AF441E300935108 /* spark.png in Resources */ = {isa = PBXBuildFile; fileRef = 024B93841AF441E300935108 /* spark.png */; };
		025B4E471AF31757007E644C /* main.m in Sources */ = {isa = PBXBuildFile; fileRef = 025B4E461AF31757007E644C /* main.m */; };
		025B4E4A1AF31757007E644C /* AppDelegate.m in Sources */ = {isa = PBXBuildFile; fileRef = 025B4E491AF31757007E644C /* AppDelegate.m */; };
		025B4E4D1AF31757007E644C /* ViewController.m in Sources */ = {isa = PBXBuildFile; fileRef = 025B4E4C1AF31757007E644C /* ViewController.m */; };
		025B4E501AF31757007E644C /* Main.storyboard in Resources */ = {isa = PBXBuildFile; fileRef = 025B4E4E1AF31757007E644C /* Main.storyboard */; };
		025B4E521AF31757007E644C /* Images.xcassets in Resources */ = {isa = PBXBuildFile; fileRef = 025B4E511AF31757007E644C /* Images.xcassets */; };
		025B4E551AF31757007E644C /* LaunchScreen.xib in Resources */ = {isa = PBXBuildFile; fileRef = 025B4E531AF31757007E644C /* LaunchScreen.xib */; };
		025B4E611AF31757007E644C /* TestTests.m in Sources */ = {isa = PBXBuildFile; fileRef = 025B4E601AF31757007E644C /* TestTests.m */; };
		545903FB1840E644A826C0B0 /* SKEmitterNode+RCWExtensions.m in Sources */ = {isa = PBXBuildFile; fileRef = 54590233A6CCDBB216621984 /* SKEmitterNode+RCWExtensions.m */; };
		545904FEBC5A4BD6B6658CFC /* ViewController2.m in Sources */ = {isa = PBXBuildFile; fileRef = 54590DD9B48BA6C6A01D498A /* ViewController2.m */; };
		545906487E879A8E94AF10E7 /* SpriteKit.framework in Frameworks */ = {isa = PBXBuildFile; fileRef = 5459033E8652DCB2DCBA15DE /* SpriteKit.framework */; };
		54590AAF6B54AACDEA320626 /* ViewController3.m in Sources */ = {isa = PBXBuildFile; fileRef = 5459011C72AF23216C1CCADC /* ViewController3.m */; };
		54590CECDF87A46E4186F292 /* FireworksScene.m in Sources */ = {isa = PBXBuildFile; fileRef = 545905C6936F060EE981835D /* FireworksScene.m */; };
/* End PBXBuildFile section */

/* Begin PBXContainerItemProxy section */
		025B4E5B1AF31757007E644C /* PBXContainerItemProxy */ = {
			isa = PBXContainerItemProxy;
			containerPortal = 025B4E391AF31757007E644C /* Project object */;
			proxyType = 1;
			remoteGlobalIDString = 025B4E401AF31757007E644C;
			remoteInfo = Test;
		};
/* End PBXContainerItemProxy section */

/* Begin PBXFileReference section */
		024B93831AF441E300935108 /* fireworks.sks */ = {isa = PBXFileReference; lastKnownFileType = file.sks; path = fireworks.sks; sourceTree = "<group>"; };
		024B93841AF441E300935108 /* spark.png */ = {isa = PBXFileReference; lastKnownFileType = image.png; path = spark.png; sourceTree = "<group>"; };
		025B4E411AF31757007E644C /* Test.app */ = {isa = PBXFileReference; explicitFileType = wrapper.application; includeInIndex = 0; path = Test.app; sourceTree = BUILT_PRODUCTS_DIR; };
		025B4E451AF31757007E644C /* Info.plist */ = {isa = PBXFileReference; lastKnownFileType = text.plist.xml; path = Info.plist; sourceTree = "<group>"; };
		025B4E461AF31757007E644C /* main.m */ = {isa = PBXFileReference; lastKnownFileType = sourcecode.c.objc; path = main.m; sourceTree = "<group>"; };
		025B4E481AF31757007E644C /* AppDelegate.h */ = {isa = PBXFileReference; lastKnownFileType = sourcecode.c.h; path = AppDelegate.h; sourceTree = "<group>"; };
		025B4E491AF31757007E644C /* AppDelegate.m */ = {isa = PBXFileReference; lastKnownFileType = sourcecode.c.objc; path = AppDelegate.m; sourceTree = "<group>"; };
		025B4E4B1AF31757007E644C /* ViewController.h */ = {isa = PBXFileReference; lastKnownFileType = sourcecode.c.h; path = ViewController.h; sourceTree = "<group>"; };
		025B4E4C1AF31757007E644C /* ViewController.m */ = {isa = PBXFileReference; lastKnownFileType = sourcecode.c.objc; path = ViewController.m; sourceTree = "<group>"; };
		025B4E4F1AF31757007E644C /* Base */ = {isa = PBXFileReference; lastKnownFileType = file.storyboard; name = Base; path = Base.lproj/Main.storyboard; sourceTree = "<group>"; };
		025B4E511AF31757007E644C /* Images.xcassets */ = {isa = PBXFileReference; lastKnownFileType = folder.assetcatalog; path = Images.xcassets; sourceTree = "<group>"; };
		025B4E541AF31757007E644C /* Base */ = {isa = PBXFileReference; lastKnownFileType = file.xib; name = Base; path = Base.lproj/LaunchScreen.xib; sourceTree = "<group>"; };
		025B4E5A1AF31757007E644C /* TestTests.xctest */ = {isa = PBXFileReference; explicitFileType = wrapper.cfbundle; includeInIndex = 0; path = TestTests.xctest; sourceTree = BUILT_PRODUCTS_DIR; };
		025B4E5F1AF31757007E644C /* Info.plist */ = {isa = PBXFileReference; lastKnownFileType = text.plist.xml; path = Info.plist; sourceTree = "<group>"; };
		025B4E601AF31757007E644C /* TestTests.m */ = {isa = PBXFileReference; lastKnownFileType = sourcecode.c.objc; path = TestTests.m; sourceTree = "<group>"; };
		54590078C0A5D92824F1D661 /* ViewController3.h */ = {isa = PBXFileReference; fileEncoding = 4; lastKnownFileType = sourcecode.c.h; path = ViewController3.h; sourceTree = "<group>"; };
		5459011C72AF23216C1CCADC /* ViewController3.m */ = {isa = PBXFileReference; fileEncoding = 4; lastKnownFileType = sourcecode.c.objc; path = ViewController3.m; sourceTree = "<group>"; };
		54590233A6CCDBB216621984 /* SKEmitterNode+RCWExtensions.m */ = {isa = PBXFileReference; fileEncoding = 4; lastKnownFileType = sourcecode.c.objc; path = "SKEmitterNode+RCWExtensions.m"; sourceTree = "<group>"; };
		545902B8A379A08AF28901A3 /* FireworksScene.h */ = {isa = PBXFileReference; fileEncoding = 4; lastKnownFileType = sourcecode.c.h; path = FireworksScene.h; sourceTree = "<group>"; };
		5459033E8652DCB2DCBA15DE /* SpriteKit.framework */ = {isa = PBXFileReference; lastKnownFileType = wrapper.framework; name = SpriteKit.framework; path = System/Library/Frameworks/SpriteKit.framework; sourceTree = SDKROOT; };
		545905C6936F060EE981835D /* FireworksScene.m */ = {isa = PBXFileReference; fileEncoding = 4; lastKnownFileType = sourcecode.c.objc; path = FireworksScene.m; sourceTree = "<group>"; };
		545906364C97E9885DB6C772 /* SKEmitterNode+RCWExtensions.h */ = {isa = PBXFileReference; fileEncoding = 4; lastKnownFileType = sourcecode.c.h; path = "SKEmitterNode+RCWExtensions.h"; sourceTree = "<group>"; };
		5459063A0B9DEC18BD0AB9B6 /* ViewController2.h */ = {isa = PBXFileReference; fileEncoding = 4; lastKnownFileType = sourcecode.c.h; path = ViewController2.h; sourceTree = "<group>"; };
		54590DD9B48BA6C6A01D498A /* ViewController2.m */ = {isa = PBXFileReference; fileEncoding = 4; lastKnownFileType = sourcecode.c.objc; path = ViewController2.m; sourceTree = "<group>"; };
/* End PBXFileReference section */

/* Begin PBXFrameworksBuildPhase section */
		025B4E3E1AF31757007E644C /* Frameworks */ = {
			isa = PBXFrameworksBuildPhase;
			buildActionMask = 2147483647;
			files = (
				545906487E879A8E94AF10E7 /* SpriteKit.framework in Frameworks */,
			);
			runOnlyForDeploymentPostprocessing = 0;
		};
		025B4E571AF31757007E644C /* Frameworks */ = {
			isa = PBXFrameworksBuildPhase;
			buildActionMask = 2147483647;
			files = (
			);
			runOnlyForDeploymentPostprocessing = 0;
		};
/* End PBXFrameworksBuildPhase section */

/* Begin PBXGroup section */
		025B4E381AF31757007E644C = {
			isa = PBXGroup;
			children = (
				025B4E431AF31757007E644C /* Test */,
				025B4E5D1AF31757007E644C /* TestTests */,
				025B4E421AF31757007E644C /* Products */,
				545902B07EEF96CBD7D364EE /* Frameworks */,
			);
			sourceTree = "<group>";
		};
		025B4E421AF31757007E644C /* Products */ = {
			isa = PBXGroup;
			children = (
				025B4E411AF31757007E644C /* Test.app */,
				025B4E5A1AF31757007E644C /* TestTests.xctest */,
			);
			name = Products;
			sourceTree = "<group>";
		};
		025B4E431AF31757007E644C /* Test */ = {
			isa = PBXGroup;
			children = (
				025B4E481AF31757007E644C /* AppDelegate.h */,
				025B4E491AF31757007E644C /* AppDelegate.m */,
				025B4E4B1AF31757007E644C /* ViewController.h */,
				025B4E4C1AF31757007E644C /* ViewController.m */,
				025B4E4E1AF31757007E644C /* Main.storyboard */,
				025B4E511AF31757007E644C /* Images.xcassets */,
				025B4E531AF31757007E644C /* LaunchScreen.xib */,
				025B4E441AF31757007E644C /* Supporting Files */,
				54590DD9B48BA6C6A01D498A /* ViewController2.m */,
				5459063A0B9DEC18BD0AB9B6 /* ViewController2.h */,
				5459011C72AF23216C1CCADC /* ViewController3.m */,
				54590078C0A5D92824F1D661 /* ViewController3.h */,
				545905C6936F060EE981835D /* FireworksScene.m */,
				545902B8A379A08AF28901A3 /* FireworksScene.h */,
				545906364C97E9885DB6C772 /* SKEmitterNode+RCWExtensions.h */,
				54590233A6CCDBB216621984 /* SKEmitterNode+RCWExtensions.m */,
				024B93831AF441E300935108 /* fireworks.sks */,
				024B93841AF441E300935108 /* spark.png */,
			);
			path = Test;
			sourceTree = "<group>";
		};
		025B4E441AF31757007E644C /* Supporting Files */ = {
			isa = PBXGroup;
			children = (
				025B4E451AF31757007E644C /* Info.plist */,
				025B4E461AF31757007E644C /* main.m */,
			);
			name = "Supporting Files";
			sourceTree = "<group>";
		};
		025B4E5D1AF31757007E644C /* TestTests */ = {
			isa = PBXGroup;
			children = (
				025B4E601AF31757007E644C /* TestTests.m */,
				025B4E5E1AF31757007E644C /* Supporting Files */,
			);
			path = TestTests;
			sourceTree = "<group>";
		};
		025B4E5E1AF31757007E644C /* Supporting Files */ = {
			isa = PBXGroup;
			children = (
				025B4E5F1AF31757007E644C /* Info.plist */,
			);
			name = "Supporting Files";
			sourceTree = "<group>";
		};
		545902B07EEF96CBD7D364EE /* Frameworks */ = {
			isa = PBXGroup;
			children = (
				5459033E8652DCB2DCBA15DE /* SpriteKit.framework */,
			);
			name = Frameworks;
			sourceTree = "<group>";
		};
/* End PBXGroup section */

/* Begin PBXNativeTarget section */
		025B4E401AF31757007E644C /* Test */ = {
			isa = PBXNativeTarget;
			buildConfigurationList = 025B4E641AF31757007E644C /* Build configuration list for PBXNativeTarget "Test" */;
			buildPhases = (
				025B4E3D1AF31757007E644C /* Sources */,
				025B4E3E1AF31757007E644C /* Frameworks */,
				025B4E3F1AF31757007E644C /* Resources */,
			);
			buildRules = (
			);
			dependencies = (
			);
			name = Test;
			productName = Test;
			productReference = 025B4E411AF31757007E644C /* Test.app */;
			productType = "com.apple.product-type.application";
		};
		025B4E591AF31757007E644C /* TestTests */ = {
			isa = PBXNativeTarget;
			buildConfigurationList = 025B4E671AF31757007E644C /* Build configuration list for PBXNativeTarget "TestTests" */;
			buildPhases = (
				025B4E561AF31757007E644C /* Sources */,
				025B4E571AF31757007E644C /* Frameworks */,
				025B4E581AF31757007E644C /* Resources */,
			);
			buildRules = (
			);
			dependencies = (
				025B4E5C1AF31757007E644C /* PBXTargetDependency */,
			);
			name = TestTests;
			productName = TestTests;
			productReference = 025B4E5A1AF31757007E644C /* TestTests.xctest */;
			productType = "com.apple.product-type.bundle.unit-test";
		};
/* End PBXNativeTarget section */

/* Begin PBXProject section */
		025B4E391AF31757007E644C /* Project object */ = {
			isa = PBXProject;
			attributes = {
				LastUpgradeCheck = 0630;
				ORGANIZATIONNAME = "Stefan Kendall";
				TargetAttributes = {
					025B4E401AF31757007E644C = {
						CreatedOnToolsVersion = 6.3.1;
					};
					025B4E591AF31757007E644C = {
						CreatedOnToolsVersion = 6.3.1;
						TestTargetID = 025B4E401AF31757007E644C;
					};
				};
			};
			buildConfigurationList = 025B4E3C1AF31757007E644C /* Build configuration list for PBXProject "Test" */;
			compatibilityVersion = "Xcode 3.2";
			developmentRegion = English;
			hasScannedForEncodings = 0;
			knownRegions = (
				en,
				Base,
			);
			mainGroup = 025B4E381AF31757007E644C;
			productRefGroup = 025B4E421AF31757007E644C /* Products */;
			projectDirPath = "";
			projectRoot = "";
			targets = (
				025B4E401AF31757007E644C /* Test */,
				025B4E591AF31757007E644C /* TestTests */,
			);
		};
/* End PBXProject section */

/* Begin PBXResourcesBuildPhase section */
		025B4E3F1AF31757007E644C /* Resources */ = {
			isa = PBXResourcesBuildPhase;
			buildActionMask = 2147483647;
			files = (
				024B93861AF441E300935108 /* spark.png in Resources */,
				024B93851AF441E300935108 /* fireworks.sks in Resources */,
				025B4E501AF31757007E644C /* Main.storyboard in Resources */,
				025B4E551AF31757007E644C /* LaunchScreen.xib in Resources */,
				025B4E521AF31757007E644C /* Images.xcassets in Resources */,
			);
			runOnlyForDeploymentPostprocessing = 0;
		};
		025B4E581AF31757007E644C /* Resources */ = {
			isa = PBXResourcesBuildPhase;
			buildActionMask = 2147483647;
			files = (
			);
			runOnlyForDeploymentPostprocessing = 0;
		};
/* End PBXResourcesBuildPhase section */

/* Begin PBXSourcesBuildPhase section */
		025B4E3D1AF31757007E644C /* Sources */ = {
			isa = PBXSourcesBuildPhase;
			buildActionMask = 2147483647;
			files = (
				025B4E4D1AF31757007E644C /* ViewController.m in Sources */,
				025B4E4A1AF31757007E644C /* AppDelegate.m in Sources */,
				025B4E471AF31757007E644C /* main.m in Sources */,
				545904FEBC5A4BD6B6658CFC /* ViewController2.m in Sources */,
				54590AAF6B54AACDEA320626 /* ViewController3.m in Sources */,
				54590CECDF87A46E4186F292 /* FireworksScene.m in Sources */,
				545903FB1840E644A826C0B0 /* SKEmitterNode+RCWExtensions.m in Sources */,
			);
			runOnlyForDeploymentPostprocessing = 0;
		};
		025B4E561AF31757007E644C /* Sources */ = {
			isa = PBXSourcesBuildPhase;
			buildActionMask = 2147483647;
			files = (
				025B4E611AF31757007E644C /* TestTests.m in Sources */,
			);
			runOnlyForDeploymentPostprocessing = 0;
		};
/* End PBXSourcesBuildPhase section */

/* Begin PBXTargetDependency section */
		025B4E5C1AF31757007E644C /* PBXTargetDependency */ = {
			isa = PBXTargetDependency;
			target = 025B4E401AF31757007E644C /* Test */;
			targetProxy = 025B4E5B1AF31757007E644C /* PBXContainerItemProxy */;
		};
/* End PBXTargetDependency section */

/* Begin PBXVariantGroup section */
		025B4E4E1AF31757007E644C /* Main.storyboard */ = {
			isa = PBXVariantGroup;
			children = (
				025B4E4F1AF31757007E644C /* Base */,
			);
			name = Main.storyboard;
			sourceTree = "<group>";
		};
		025B4E531AF31757007E644C /* LaunchScreen.xib */ = {
			isa = PBXVariantGroup;
			children = (
				025B4E541AF31757007E644C /* Base */,
			);
			name = LaunchScreen.xib;
			sourceTree = "<group>";
		};
/* End PBXVariantGroup section */

/* Begin XCBuildConfiguration section */
		025B4E621AF31757007E644C /* Debug */ = {
			isa = XCBuildConfiguration;
			buildSettings = {
				ALWAYS_SEARCH_USER_PATHS = NO;
				CLANG_CXX_LANGUAGE_STANDARD = "gnu++0x";
				CLANG_CXX_LIBRARY = "libc++";
				CLANG_ENABLE_MODULES = YES;
				CLANG_ENABLE_OBJC_ARC = YES;
				CLANG_WARN_BOOL_CONVERSION = YES;
				CLANG_WARN_CONSTANT_CONVERSION = YES;
				CLANG_WARN_DIRECT_OBJC_ISA_USAGE = YES_ERROR;
				CLANG_WARN_EMPTY_BODY = YES;
				CLANG_WARN_ENUM_CONVERSION = YES;
				CLANG_WARN_INT_CONVERSION = YES;
				CLANG_WARN_OBJC_ROOT_CLASS = YES_ERROR;
				CLANG_WARN_UNREACHABLE_CODE = YES;
				CLANG_WARN__DUPLICATE_METHOD_MATCH = YES;
				"CODE_SIGN_IDENTITY[sdk=iphoneos*]" = "iPhone Developer";
				COPY_PHASE_STRIP = NO;
				DEBUG_INFORMATION_FORMAT = "dwarf-with-dsym";
				ENABLE_STRICT_OBJC_MSGSEND = YES;
				GCC_C_LANGUAGE_STANDARD = gnu99;
				GCC_DYNAMIC_NO_PIC = NO;
				GCC_NO_COMMON_BLOCKS = YES;
				GCC_OPTIMIZATION_LEVEL = 0;
				GCC_PREPROCESSOR_DEFINITIONS = (
					"DEBUG=1",
					"$(inherited)",
				);
				GCC_SYMBOLS_PRIVATE_EXTERN = NO;
				GCC_WARN_64_TO_32_BIT_CONVERSION = YES;
				GCC_WARN_ABOUT_RETURN_TYPE = YES_ERROR;
				GCC_WARN_UNDECLARED_SELECTOR = YES;
				GCC_WARN_UNINITIALIZED_AUTOS = YES_AGGRESSIVE;
				GCC_WARN_UNUSED_FUNCTION = YES;
				GCC_WARN_UNUSED_VARIABLE = YES;
				IPHONEOS_DEPLOYMENT_TARGET = 8.3;
				MTL_ENABLE_DEBUG_INFO = YES;
				ONLY_ACTIVE_ARCH = YES;
				SDKROOT = iphoneos;
				TARGETED_DEVICE_FAMILY = "1,2";
			};
			name = Debug;
		};
		025B4E631AF31757007E644C /* Release */ = {
			isa = XCBuildConfiguration;
			buildSettings = {
				ALWAYS_SEARCH_USER_PATHS = NO;
				CLANG_CXX_LANGUAGE_STANDARD = "gnu++0x";
				CLANG_CXX_LIBRARY = "libc++";
				CLANG_ENABLE_MODULES = YES;
				CLANG_ENABLE_OBJC_ARC = YES;
				CLANG_WARN_BOOL_CONVERSION = YES;
				CLANG_WARN_CONSTANT_CONVERSION = YES;
				CLANG_WARN_DIRECT_OBJC_ISA_USAGE = YES_ERROR;
				CLANG_WARN_EMPTY_BODY = YES;
				CLANG_WARN_ENUM_CONVERSION = YES;
				CLANG_WARN_INT_CONVERSION = YES;
				CLANG_WARN_OBJC_ROOT_CLASS = YES_ERROR;
				CLANG_WARN_UNREACHABLE_CODE = YES;
				CLANG_WARN__DUPLICATE_METHOD_MATCH = YES;
				"CODE_SIGN_IDENTITY[sdk=iphoneos*]" = "iPhone Developer";
				COPY_PHASE_STRIP = NO;
				DEBUG_INFORMATION_FORMAT = "dwarf-with-dsym";
				ENABLE_NS_ASSERTIONS = NO;
				ENABLE_STRICT_OBJC_MSGSEND = YES;
				GCC_C_LANGUAGE_STANDARD = gnu99;
				GCC_NO_COMMON_BLOCKS = YES;
				GCC_WARN_64_TO_32_BIT_CONVERSION = YES;
				GCC_WARN_ABOUT_RETURN_TYPE = YES_ERROR;
				GCC_WARN_UNDECLARED_SELECTOR = YES;
				GCC_WARN_UNINITIALIZED_AUTOS = YES_AGGRESSIVE;
				GCC_WARN_UNUSED_FUNCTION = YES;
				GCC_WARN_UNUSED_VARIABLE = YES;
				IPHONEOS_DEPLOYMENT_TARGET = 8.3;
				MTL_ENABLE_DEBUG_INFO = NO;
				SDKROOT = iphoneos;
				TARGETED_DEVICE_FAMILY = "1,2";
				VALIDATE_PRODUCT = YES;
			};
			name = Release;
		};
		025B4E651AF31757007E644C /* Debug */ = {
			isa = XCBuildConfiguration;
			buildSettings = {
				ASSETCATALOG_COMPILER_APPICON_NAME = AppIcon;
				INFOPLIST_FILE = Test/Info.plist;
				LD_RUNPATH_SEARCH_PATHS = "$(inherited) @executable_path/Frameworks";
				PRODUCT_NAME = "$(TARGET_NAME)";
			};
			name = Debug;
		};
		025B4E661AF31757007E644C /* Release */ = {
			isa = XCBuildConfiguration;
			buildSettings = {
				ASSETCATALOG_COMPILER_APPICON_NAME = AppIcon;
				INFOPLIST_FILE = Test/Info.plist;
				LD_RUNPATH_SEARCH_PATHS = "$(inherited) @executable_path/Frameworks";
				PRODUCT_NAME = "$(TARGET_NAME)";
			};
			name = Release;
		};
		025B4E681AF31757007E644C /* Debug */ = {
			isa = XCBuildConfiguration;
			buildSettings = {
				BUNDLE_LOADER = "$(TEST_HOST)";
				FRAMEWORK_SEARCH_PATHS = (
					"$(SDKROOT)/Developer/Library/Frameworks",
					"$(inherited)",
				);
				GCC_PREPROCESSOR_DEFINITIONS = (
					"DEBUG=1",
					"$(inherited)",
				);
				INFOPLIST_FILE = TestTests/Info.plist;
				LD_RUNPATH_SEARCH_PATHS = "$(inherited) @executable_path/Frameworks @loader_path/Frameworks";
				PRODUCT_NAME = "$(TARGET_NAME)";
				TEST_HOST = "$(BUILT_PRODUCTS_DIR)/Test.app/Test";
			};
			name = Debug;
		};
		025B4E691AF31757007E644C /* Release */ = {
			isa = XCBuildConfiguration;
			buildSettings = {
				BUNDLE_LOADER = "$(TEST_HOST)";
				FRAMEWORK_SEARCH_PATHS = (
					"$(SDKROOT)/Developer/Library/Frameworks",
					"$(inherited)",
				);
				INFOPLIST_FILE = TestTests/Info.plist;
				LD_RUNPATH_SEARCH_PATHS = "$(inherited) @executable_path/Frameworks @loader_path/Frameworks";
				PRODUCT_NAME = "$(TARGET_NAME)";
				TEST_HOST = "$(BUILT_PRODUCTS_DIR)/Test.app/Test";
			};
			name = Release;
		};
/* End XCBuildConfiguration section */

/* Begin XCConfigurationList section */
		025B4E3C1AF31757007E644C /* Build configuration list for PBXProject "Test" */ = {
			isa = XCConfigurationList;
			buildConfigurations = (
				025B4E621AF31757007E644C /* Debug */,
				025B4E631AF31757007E644C /* Release */,
			);
			defaultConfigurationIsVisible = 0;
			defaultConfigurationName = Release;
		};
		025B4E641AF31757007E644C /* Build configuration list for PBXNativeTarget "Test" */ = {
			isa = XCConfigurationList;
			buildConfigurations = (
				025B4E651AF31757007E644C /* Debug */,
				025B4E661AF31757007E644C /* Release */,
			);
			defaultConfigurationIsVisible = 0;
			defaultConfigurationName = Release;
		};
		025B4E671AF31757007E644C /* Build configuration list for PBXNativeTarget "TestTests" */ = {
			isa = XCConfigurationList;
			buildConfigurations = (
				025B4E681AF31757007E644C /* Debug */,
				025B4E691AF31757007E644C /* Release */,
			);
			defaultConfigurationIsVisible = 0;
			defaultConfigurationName = Release;
		};
/* End XCConfigurationList section */
	};
	rootObject = 025B4E391AF31757007E644C /* Project object */;
}
